
Microsoft Visual Studio Solution File, Format Version 12.00
# Visual Studio Version 17
VisualStudioVersion = 17.10.35122.118
MinimumVisualStudioVersion = 10.0.40219.1
Project("{FAE04EC0-301F-11D3-BF4B-00C04F79EFBC}") = "RemindMeApp", "RemindMeApp.csproj", "{BFAF3DA6-86A0-4325-96BA-C95F67010442}"
EndProject
Global
	GlobalSection(SolutionConfigurationPlatforms) = preSolution
		Debug|Any CPU = Debug|Any CPU
		Release|Any CPU = Release|Any CPU
	EndGlobalSection
	GlobalSection(ProjectConfigurationPlatforms) = postSolution
		{BFAF3DA6-86A0-4325-96BA-C95F67010442}.Debug|Any CPU.ActiveCfg = Debug|Any CPU
		{BFAF3DA6-86A0-4325-96BA-C95F67010442}.Debug|Any CPU.Build.0 = Debug|Any CPU
		{BFAF3DA6-86A0-4325-96BA-C95F67010442}.Release|Any CPU.ActiveCfg = Release|Any CPU
		{BFAF3DA6-86A0-4325-96BA-C95F67010442}.Release|Any CPU.Build.0 = Release|Any CPU
	EndGlobalSection
	GlobalSection(SolutionProperties) = preSolution
		HideSolutionNode = FALSE
	EndGlobalSection
	GlobalSection(ExtensibilityGlobals) = postSolution
		SolutionGuid = {881F51CD-6433-4D85-8394-99307706AB67}
	EndGlobalSection
EndGlobal
